golang.org/x/net v0.0.0-20220621193019-9d032be2e588 h1:9ubFuySsnAJYGyJrZ3koiEv8FyqofCBdz3G9Mbf2YFc=
golang.org/x/net v0.0.0-20220621193019-9d032be2e588/go.mod h1:XRhObCWvk6IyKnWLug+ECip1KBveYUHfp+8e9klMJ9c=
golang.org/x/net v0.0.0-20220624214902-1bab6f366d9e h1:TsQ7F31D3bUCLeqPT0u+yjp1guoArKaNKmCr22PYgTQ=
golang.org/x/net v0.0.0-20220624214902-1bab6f366d9e/go.mod h1:XRhObCWvk6IyKnWLug+ECip1KBveYUHfp+8e9klMJ9c=
